
Microsoft Visual Studio Solution File, Format Version 12.00
# Visual Studio Version 17
VisualStudioVersion = 17.0.31903.59
MinimumVisualStudioVersion = 10.0.40219.1
Project("{FAE04EC0-301F-11D3-BF4B-00C04F79EFBC}") = "HealthFlow.API.Gateway", "HealthFlow.API.Gateway\HealthFlow.API.Gateway.csproj", "{34E9ECF1-E931-4681-A7A2-ECE79FB0CDBB}"
EndProject
Project("{FAE04EC0-301F-11D3-BF4B-00C04F79EFBC}") = "HealthFlow.BackgroundWorker", "HealthFlow.BackgroundWorker\HealthFlow.BackgroundWorker.csproj", "{5255F19B-BE09-4FAF-AB6F-58FEED8F09F1}"
EndProject
Project("{FAE04EC0-301F-11D3-BF4B-00C04F79EFBC}") = "HealthFlow.Services.Analytics", "HealthFlow.Services.Analytics\HealthFlow.Services.Analytics.csproj", "{35AC3613-BCD5-493F-85A6-BBDE0DC40C46}"
EndProject
Project("{FAE04EC0-301F-11D3-BF4B-00C04F79EFBC}") = "HealthFlow.Services.Notifications", "HealthFlow.Services.Notifications\HealthFlow.Services.Notifications.csproj", "{A0606CC7-7BA6-480E-A567-E90FDC81721A}"
EndProject
Project("{FAE04EC0-301F-11D3-BF4B-00C04F79EFBC}") = "HealthFlow.Services.Patients", "HealthFlow.Services.Patients\HealthFlow.Services.Patients.csproj", "{4F7E20AD-8876-4A3C-BD53-83DCC8960AE8}"
EndProject
Project("{FAE04EC0-301F-11D3-BF4B-00C04F79EFBC}") = "HealthFlow.Shared", "HealthFlow.Shared\HealthFlow.Shared.csproj", "{7583C95A-5074-4FCE-88A0-7C75DA82ABBE}"
EndProject
Global
	GlobalSection(SolutionConfigurationPlatforms) = preSolution
		Debug|Any CPU = Debug|Any CPU
		Release|Any CPU = Release|Any CPU
	EndGlobalSection
	GlobalSection(SolutionProperties) = preSolution
		HideSolutionNode = FALSE
	EndGlobalSection
	GlobalSection(ProjectConfigurationPlatforms) = postSolution
		{34E9ECF1-E931-4681-A7A2-ECE79FB0CDBB}.Debug|Any CPU.ActiveCfg = Debug|Any CPU
		{34E9ECF1-E931-4681-A7A2-ECE79FB0CDBB}.Debug|Any CPU.Build.0 = Debug|Any CPU
		{34E9ECF1-E931-4681-A7A2-ECE79FB0CDBB}.Release|Any CPU.ActiveCfg = Release|Any CPU
		{34E9ECF1-E931-4681-A7A2-ECE79FB0CDBB}.Release|Any CPU.Build.0 = Release|Any CPU
		{5255F19B-BE09-4FAF-AB6F-58FEED8F09F1}.Debug|Any CPU.ActiveCfg = Debug|Any CPU
		{5255F19B-BE09-4FAF-AB6F-58FEED8F09F1}.Debug|Any CPU.Build.0 = Debug|Any CPU
		{5255F19B-BE09-4FAF-AB6F-58FEED8F09F1}.Release|Any CPU.ActiveCfg = Release|Any CPU
		{5255F19B-BE09-4FAF-AB6F-58FEED8F09F1}.Release|Any CPU.Build.0 = Release|Any CPU
		{35AC3613-BCD5-493F-85A6-BBDE0DC40C46}.Debug|Any CPU.ActiveCfg = Debug|Any CPU
		{35AC3613-BCD5-493F-85A6-BBDE0DC40C46}.Debug|Any CPU.Build.0 = Debug|Any CPU
		{35AC3613-BCD5-493F-85A6-BBDE0DC40C46}.Release|Any CPU.ActiveCfg = Release|Any CPU
		{35AC3613-BCD5-493F-85A6-BBDE0DC40C46}.Release|Any CPU.Build.0 = Release|Any CPU
		{A0606CC7-7BA6-480E-A567-E90FDC81721A}.Debug|Any CPU.ActiveCfg = Debug|Any CPU
		{A0606CC7-7BA6-480E-A567-E90FDC81721A}.Debug|Any CPU.Build.0 = Debug|Any CPU
		{A0606CC7-7BA6-480E-A567-E90FDC81721A}.Release|Any CPU.ActiveCfg = Release|Any CPU
		{A0606CC7-7BA6-480E-A567-E90FDC81721A}.Release|Any CPU.Build.0 = Release|Any CPU
		{4F7E20AD-8876-4A3C-BD53-83DCC8960AE8}.Debug|Any CPU.ActiveCfg = Debug|Any CPU
		{4F7E20AD-8876-4A3C-BD53-83DCC8960AE8}.Debug|Any CPU.Build.0 = Debug|Any CPU
		{4F7E20AD-8876-4A3C-BD53-83DCC8960AE8}.Release|Any CPU.ActiveCfg = Release|Any CPU
		{4F7E20AD-8876-4A3C-BD53-83DCC8960AE8}.Release|Any CPU.Build.0 = Release|Any CPU
		{7583C95A-5074-4FCE-88A0-7C75DA82ABBE}.Debug|Any CPU.ActiveCfg = Debug|Any CPU
		{7583C95A-5074-4FCE-88A0-7C75DA82ABBE}.Debug|Any CPU.Build.0 = Debug|Any CPU
		{7583C95A-5074-4FCE-88A0-7C75DA82ABBE}.Release|Any CPU.ActiveCfg = Release|Any CPU
		{7583C95A-5074-4FCE-88A0-7C75DA82ABBE}.Release|Any CPU.Build.0 = Release|Any CPU
	EndGlobalSection
EndGlobal
